
Microsoft Visual Studio Solution File, Format Version 12.00
Project("{FAE04EC0-301F-11D3-BF4B-00C04F79EFBC}") = "DotNet", "DotNet.csproj", "{7460F42E-389F-44FB-B8E4-0ECD0001D660}"
EndProject
Global
	GlobalSection(SolutionConfigurationPlatforms) = preSolution
		Debug|Any CPU = Debug|Any CPU
		Release|Any CPU = Release|Any CPU
	EndGlobalSection
	GlobalSection(ProjectConfigurationPlatforms) = postSolution
		{7460F42E-389F-44FB-B8E4-0ECD0001D660}.Debug|Any CPU.ActiveCfg = Debug|Any CPU
		{7460F42E-389F-44FB-B8E4-0ECD0001D660}.Debug|Any CPU.Build.0 = Debug|Any CPU
		{7460F42E-389F-44FB-B8E4-0ECD0001D660}.Release|Any CPU.ActiveCfg = Release|Any CPU
		{7460F42E-389F-44FB-B8E4-0ECD0001D660}.Release|Any CPU.Build.0 = Release|Any CPU
	EndGlobalSection
EndGlobal
